// !$*UTF8*$!
{
	archiveVersion = 1;
	classes = {
	};
	objectVersion = 50;
	objects = {

/* Begin PBXBuildFile section */
		D698520D25FFCB7F00C4E838 /* AppDelegate.swift in Sources */ = {isa = PBXBuildFile; fileRef = D698520C25FFCB7F00C4E838 /* AppDelegate.swift */; };
		D698520F25FFCB7F00C4E838 /* SceneDelegate.swift in Sources */ = {isa = PBXBuildFile; fileRef = D698520E25FFCB7F00C4E838 /* SceneDelegate.swift */; };
		D698521125FFCB7F00C4E838 /* ViewController.swift in Sources */ = {isa = PBXBuildFile; fileRef = D698521025FFCB7F00C4E838 /* ViewController.swift */; };
		D698521425FFCB7F00C4E838 /* Main.storyboard in Resources */ = {isa = PBXBuildFile; fileRef = D698521225FFCB7F00C4E838 /* Main.storyboard */; };
		D698521625FFCB8000C4E838 /* Assets.xcassets in Resources */ = {isa = PBXBuildFile; fileRef = D698521525FFCB8000C4E838 /* Assets.xcassets */; };
		D698521925FFCB8000C4E838 /* LaunchScreen.storyboard in Resources */ = {isa = PBXBuildFile; fileRef = D698521725FFCB8000C4E838 /* LaunchScreen.storyboard */; };
/* End PBXBuildFile section */

/* Begin PBXFileReference section */
		D698520925FFCB7F00C4E838 /* TextFieldCIK.app */ = {isa = PBXFileReference; explicitFileType = wrapper.application; includeInIndex = 0; path = TextFieldCIK.app; sourceTree = BUILT_PRODUCTS_DIR; };
		D698520C25FFCB7F00C4E838 /* AppDelegate.swift */ = {isa = PBXFileReference; lastKnownFileType = sourcecode.swift; path = AppDelegate.swift; sourceTree = "<group>"; };
		D698520E25FFCB7F00C4E838 /* SceneDelegate.swift */ = {isa = PBXFileReference; lastKnownFileType = sourcecode.swift; path = SceneDelegate.swift; sourceTree = "<group>"; };
		D698521025FFCB7F00C4E838 /* ViewController.swift */ = {isa = PBXFileReference; lastKnownFileType = sourcecode.swift; path = ViewController.swift; sourceTree = "<group>"; };
		D698521325FFCB7F00C4E838 /* Base */ = {isa = PBXFileReference; lastKnownFileType = file.storyboard; name = Base; path = Base.lproj/Main.storyboard; sourceTree = "<group>"; };
		D698521525FFCB8000C4E838 /* Assets.xcassets */ = {isa = PBXFileReference; lastKnownFileType = folder.assetcatalog; path = Assets.xcassets; sourceTree = "<group>"; };
		D698521825FFCB8000C4E838 /* Base */ = {isa = PBXFileReference; lastKnownFileType = file.storyboard; name = Base; path = Base.lproj/LaunchScreen.storyboard; sourceTree = "<group>"; };
		D698521A25FFCB8000C4E838 /* Info.plist */ = {isa = PBXFileReference; lastKnownFileType = text.plist.xml; path = Info.plist; sourceTree = "<group>"; };
/* End PBXFileReference section */

/* Begin PBXFrameworksBuildPhase section */
		D698520625FFCB7F00C4E838 /* Frameworks */ = {
			isa = PBXFrameworksBuildPhase;
			buildActionMask = 2147483647;
			files = (
			);
			runOnlyForDeploymentPostprocessing = 0;
		};
/* End PBXFrameworksBuildPhase section */

/* Begin PBXGroup section */
		D698520025FFCB7F00C4E838 = {
			isa = PBXGroup;
			children = (
				D698520B25FFCB7F00C4E838 /* TextFieldCIK */,
				D698520A25FFCB7F00C4E838 /* Products */,
			);
			sourceTree = "<group>";
		};
		D698520A25FFCB7F00C4E838 /* Products */ = {
			isa = PBXGroup;
			children = (
				D698520925FFCB7F00C4E838 /* TextFieldCIK.app */,
			);
			name = Products;
			sourceTree = "<group>";
		};
		D698520B25FFCB7F00C4E838 /* TextFieldCIK */ = {
			isa = PBXGroup;
			children = (
				D698520C25FFCB7F00C4E838 /* AppDelegate.swift */,
				D698520E25FFCB7F00C4E838 /* SceneDelegate.swift */,
				D698521025FFCB7F00C4E838 /* ViewController.swift */,
				D698521225FFCB7F00C4E838 /* Main.storyboard */,
				D698521525FFCB8000C4E838 /* Assets.xcassets */,
				D698521725FFCB8000C4E838 /* LaunchScreen.storyboard */,
				D698521A25FFCB8000C4E838 /* Info.plist */,
			);
			path = TextFieldCIK;
			sourceTree = "<group>";
		};
/* End PBXGroup section */

/* Begin PBXNativeTarget section */
		D698520825FFCB7F00C4E838 /* TextFieldCIK */ = {
			isa = PBXNativeTarget;
			buildConfigurationList = D698521D25FFCB8000C4E838 /* Build configuration list for PBXNativeTarget "TextFieldCIK" */;
			buildPhases = (
				D698520525FFCB7F00C4E838 /* Sources */,
				D698520625FFCB7F00C4E838 /* Frameworks */,
				D698520725FFCB7F00C4E838 /* Resources */,
			);
			buildRules = (
			);
			dependencies = (
			);
			name = TextFieldCIK;
			productName = TextFieldCIK;
			productReference = D698520925FFCB7F00C4E838 /* TextFieldCIK.app */;
			productType = "com.apple.product-type.application";
		};
/* End PBXNativeTarget section */

/* Begin PBXProject section */
		D698520125FFCB7F00C4E838 /* Project object */ = {
			isa = PBXProject;
			attributes = {
				LastSwiftUpdateCheck = 1240;
				LastUpgradeCheck = 1240;
				TargetAttributes = {
					D698520825FFCB7F00C4E838 = {
						CreatedOnToolsVersion = 12.4;
					};
				};
			};
			buildConfigurationList = D698520425FFCB7F00C4E838 /* Build configuration list for PBXProject "TextFieldCIK" */;
			compatibilityVersion = "Xcode 9.3";
			developmentRegion = en;
			hasScannedForEncodings = 0;
			knownRegions = (
				en,
				Base,
			);
			mainGroup = D698520025FFCB7F00C4E838;
			productRefGroup = D698520A25FFCB7F00C4E838 /* Products */;
			projectDirPath = "";
			projectRoot = "";
			targets = (
				D698520825FFCB7F00C4E838 /* TextFieldCIK */,
			);
		};
/* End PBXProject section */

/* Begin PBXResourcesBuildPhase section */
		D698520725FFCB7F00C4E838 /* Resources */ = {
			isa = PBXResourcesBuildPhase;
			buildActionMask = 2147483647;
			files = (
				D698521925FFCB8000C4E838 /* LaunchScreen.storyboard in Resources */,
				D698521625FFCB8000C4E838 /* Assets.xcassets in Resources */,
				D698521425FFCB7F00C4E838 /* Main.storyboard in Resources */,
			);
			runOnlyForDeploymentPostprocessing = 0;
		};
/* End PBXResourcesBuildPhase section */

/* Begin PBXSourcesBuildPhase section */
		D698520525FFCB7F00C4E838 /* Sources */ = {
			isa = PBXSourcesBuildPhase;
			buildActionMask = 2147483647;
			files = (
				D698521125FFCB7F00C4E838 /* ViewController.swift in Sources */,
				D698520D25FFCB7F00C4E838 /* AppDelegate.swift in Sources */,
				D698520F25FFCB7F00C4E838 /* SceneDelegate.swift in Sources */,
			);
			runOnlyForDeploymentPostprocessing = 0;
		};
/* End PBXSourcesBuildPhase section */

/* Begin PBXVariantGroup section */
		D698521225FFCB7F00C4E838 /* Main.storyboard */ = {
			isa = PBXVariantGroup;
			children = (
				D698521325FFCB7F00C4E838 /* Base */,
			);
			name = Main.storyboard;
			sourceTree = "<group>";
		};
		D698521725FFCB8000C4E838 /* LaunchScreen.storyboard */ = {
			isa = PBXVariantGroup;
			children = (
				D698521825FFCB8000C4E838 /* Base */,
			);
			name = LaunchScreen.storyboard;
			sourceTree = "<group>";
		};
/* End PBXVariantGroup section */

/* Begin XCBuildConfiguration section */
		D698521B25FFCB8000C4E838 /* Debug */ = {
			isa = XCBuildConfiguration;
			buildSettings = {
				ALWAYS_SEARCH_USER_PATHS = NO;
				CLANG_ANALYZER_NONNULL = YES;
				CLANG_ANALYZER_NUMBER_OBJECT_CONVERSION = YES_AGGRESSIVE;
				CLANG_CXX_LANGUAGE_STANDARD = "gnu++14";
				CLANG_CXX_LIBRARY = "libc++";
				CLANG_ENABLE_MODULES = YES;
				CLANG_ENABLE_OBJC_ARC = YES;
				CLANG_ENABLE_OBJC_WEAK = YES;
				CLANG_WARN_BLOCK_CAPTURE_AUTORELEASING = YES;
				CLANG_WARN_BOOL_CONVERSION = YES;
				CLANG_WARN_COMMA = YES;
				CLANG_WARN_CONSTANT_CONVERSION = YES;
				CLANG_WARN_DEPRECATED_OBJC_IMPLEMENTATIONS = YES;
				CLANG_WARN_DIRECT_OBJC_ISA_USAGE = YES_ERROR;
				CLANG_WARN_DOCUMENTATION_COMMENTS = YES;
				CLANG_WARN_EMPTY_BODY = YES;
				CLANG_WARN_ENUM_CONVERSION = YES;
				CLANG_WARN_INFINITE_RECURSION = YES;
				CLANG_WARN_INT_CONVERSION = YES;
				CLANG_WARN_NON_LITERAL_NULL_CONVERSION = YES;
				CLANG_WARN_OBJC_IMPLICIT_RETAIN_SELF = YES;
				CLANG_WARN_OBJC_LITERAL_CONVERSION = YES;
				CLANG_WARN_OBJC_ROOT_CLASS = YES_ERROR;
				CLANG_WARN_QUOTED_INCLUDE_IN_FRAMEWORK_HEADER = YES;
				CLANG_WARN_RANGE_LOOP_ANALYSIS = YES;
				CLANG_WARN_STRICT_PROTOTYPES = YES;
				CLANG_WARN_SUSPICIOUS_MOVE = YES;
				CLANG_WARN_UNGUARDED_AVAILABILITY = YES_AGGRESSIVE;
				CLANG_WARN_UNREACHABLE_CODE = YES;
				CLANG_WARN__DUPLICATE_METHOD_MATCH = YES;
				COPY_PHASE_STRIP = NO;
				DEBUG_INFORMATION_FORMAT = dwarf;
				ENABLE_STRICT_OBJC_MSGSEND = YES;
				ENABLE_TESTABILITY = YES;
				GCC_C_LANGUAGE_STANDARD = gnu11;
				GCC_DYNAMIC_NO_PIC = NO;
				GCC_NO_COMMON_BLOCKS = YES;
				GCC_OPTIMIZATION_LEVEL = 0;
				GCC_PREPROCESSOR_DEFINITIONS = (
					"DEBUG=1",
					"$(inherited)",
				);
				GCC_WARN_64_TO_32_BIT_CONVERSION = YES;
				GCC_WARN_ABOUT_RETURN_TYPE = YES_ERROR;
				GCC_WARN_UNDECLARED_SELECTOR = YES;
				GCC_WARN_UNINITIALIZED_AUTOS = YES_AGGRESSIVE;
				GCC_WARN_UNUSED_FUNCTION = YES;
				GCC_WARN_UNUSED_VARIABLE = YES;
				IPHONEOS_DEPLOYMENT_TARGET = 14.4;
				MTL_ENABLE_DEBUG_INFO = INCLUDE_SOURCE;
				MTL_FAST_MATH = YES;
				ONLY_ACTIVE_ARCH = YES;
				SDKROOT = iphoneos;
				SWIFT_ACTIVE_COMPILATION_CONDITIONS = DEBUG;
				SWIFT_OPTIMIZATION_LEVEL = "-Onone";
			};
			name = Debug;
		};
		D698521C25FFCB8000C4E838 /* Release */ = {
			isa = XCBuildConfiguration;
			buildSettings = {
				ALWAYS_SEARCH_USER_PATHS = NO;
				CLANG_ANALYZER_NONNULL = YES;
				CLANG_ANALYZER_NUMBER_OBJECT_CONVERSION = YES_AGGRESSIVE;
				CLANG_CXX_LANGUAGE_STANDARD = "gnu++14";
				CLANG_CXX_LIBRARY = "libc++";
				CLANG_ENABLE_MODULES = YES;
				CLANG_ENABLE_OBJC_ARC = YES;
				CLANG_ENABLE_OBJC_WEAK = YES;
				CLANG_WARN_BLOCK_CAPTURE_AUTORELEASING = YES;
				CLANG_WARN_BOOL_CONVERSION = YES;
				CLANG_WARN_COMMA = YES;
				CLANG_WARN_CONSTANT_CONVERSION = YES;
				CLANG_WARN_DEPRECATED_OBJC_IMPLEMENTATIONS = YES;
				CLANG_WARN_DIRECT_OBJC_ISA_USAGE = YES_ERROR;
				CLANG_WARN_DOCUMENTATION_COMMENTS = YES;
				CLANG_WARN_EMPTY_BODY = YES;
				CLANG_WARN_ENUM_CONVERSION = YES;
				CLANG_WARN_INFINITE_RECURSION = YES;
				CLANG_WARN_INT_CONVERSION = YES;
				CLANG_WARN_NON_LITERAL_NULL_CONVERSION = YES;
				CLANG_WARN_OBJC_IMPLICIT_RETAIN_SELF = YES;
				CLANG_WARN_OBJC_LITERAL_CONVERSION = YES;
				CLANG_WARN_OBJC_ROOT_CLASS = YES_ERROR;
				CLANG_WARN_QUOTED_INCLUDE_IN_FRAMEWORK_HEADER = YES;
				CLANG_WARN_RANGE_LOOP_ANALYSIS = YES;
				CLANG_WARN_STRICT_PROTOTYPES = YES;
				CLANG_WARN_SUSPICIOUS_MOVE = YES;
				CLANG_WARN_UNGUARDED_AVAILABILITY = YES_AGGRESSIVE;
				CLANG_WARN_UNREACHABLE_CODE = YES;
				CLANG_WARN__DUPLICATE_METHOD_MATCH = YES;
				COPY_PHASE_STRIP = NO;
				DEBUG_INFORMATION_FORMAT = "dwarf-with-dsym";
				ENABLE_NS_ASSERTIONS = NO;
				ENABLE_STRICT_OBJC_MSGSEND = YES;
				GCC_C_LANGUAGE_STANDARD = gnu11;
				GCC_NO_COMMON_BLOCKS = YES;
				GCC_WARN_64_TO_32_BIT_CONVERSION = YES;
				GCC_WARN_ABOUT_RETURN_TYPE = YES_ERROR;
				GCC_WARN_UNDECLARED_SELECTOR = YES;
				GCC_WARN_UNINITIALIZED_AUTOS = YES_AGGRESSIVE;
				GCC_WARN_UNUSED_FUNCTION = YES;
				GCC_WARN_UNUSED_VARIABLE = YES;
				IPHONEOS_DEPLOYMENT_TARGET = 14.4;
				MTL_ENABLE_DEBUG_INFO = NO;
				MTL_FAST_MATH = YES;
				SDKROOT = iphoneos;
				SWIFT_COMPILATION_MODE = wholemodule;
				SWIFT_OPTIMIZATION_LEVEL = "-O";
				VALIDATE_PRODUCT = YES;
			};
			name = Release;
		};
		D698521E25FFCB8000C4E838 /* Debug */ = {
			isa = XCBuildConfiguration;
			buildSettings = {
				ASSETCATALOG_COMPILER_APPICON_NAME = AppIcon;
				ASSETCATALOG_COMPILER_GLOBAL_ACCENT_COLOR_NAME = AccentColor;
				CODE_SIGN_STYLE = Automatic;
				INFOPLIST_FILE = TextFieldCIK/Info.plist;
				LD_RUNPATH_SEARCH_PATHS = (
					"$(inherited)",
					"@executable_path/Frameworks",
				);
				PRODUCT_BUNDLE_IDENTIFIER = com.cebanion.TextFieldCIK;
				PRODUCT_NAME = "$(TARGET_NAME)";
				SWIFT_VERSION = 5.0;
				TARGETED_DEVICE_FAMILY = "1,2";
			};
			name = Debug;
		};
		D698521F25FFCB8000C4E838 /* Release */ = {
			isa = XCBuildConfiguration;
			buildSettings = {
				ASSETCATALOG_COMPILER_APPICON_NAME = AppIcon;
				ASSETCATALOG_COMPILER_GLOBAL_ACCENT_COLOR_NAME = AccentColor;
				CODE_SIGN_STYLE = Automatic;
				INFOPLIST_FILE = TextFieldCIK/Info.plist;
				LD_RUNPATH_SEARCH_PATHS = (
					"$(inherited)",
					"@executable_path/Frameworks",
				);
				PRODUCT_BUNDLE_IDENTIFIER = com.cebanion.TextFieldCIK;
				PRODUCT_NAME = "$(TARGET_NAME)";
				SWIFT_VERSION = 5.0;
				TARGETED_DEVICE_FAMILY = "1,2";
			};
			name = Release;
		};
/* End XCBuildConfiguration section */

/* Begin XCConfigurationList section */
		D698520425FFCB7F00C4E838 /* Build configuration list for PBXProject "TextFieldCIK" */ = {
			isa = XCConfigurationList;
			buildConfigurations = (
				D698521B25FFCB8000C4E838 /* Debug */,
				D698521C25FFCB8000C4E838 /* Release */,
			);
			defaultConfigurationIsVisible = 0;
			defaultConfigurationName = Release;
		};
		D698521D25FFCB8000C4E838 /* Build configuration list for PBXNativeTarget "TextFieldCIK" */ = {
			isa = XCConfigurationList;
			buildConfigurations = (
				D698521E25FFCB8000C4E838 /* Debug */,
				D698521F25FFCB8000C4E838 /* Release */,
			);
			defaultConfigurationIsVisible = 0;
			defaultConfigurationName = Release;
		};
/* End XCConfigurationList section */
	};
	rootObject = D698520125FFCB7F00C4E838 /* Project object */;
}
